
Microsoft Visual Studio Solution File, Format Version 12.00
# Visual Studio 15
Project("{FAE04EC0-301F-11D3-BF4B-00C04F79EFBC}") = "GameAssmbly", "GameAssmbly.csproj", "{8FDAD629-CE19-7333-CA5B-4BAF78B48339}"
EndProject
Project("{FAE04EC0-301F-11D3-BF4B-00C04F79EFBC}") = "Assembly-CSharp", "Assembly-CSharp.csproj", "{1D4088B6-1431-E97C-35D6-E8FFC4B22F7B}"
EndProject
Project("{FAE04EC0-301F-11D3-BF4B-00C04F79EFBC}") = "Tests", "Tests.csproj", "{87A0AEC0-FD89-2C44-3DAA-DCB14D8664A7}"
EndProject
Global
	GlobalSection(SolutionConfigurationPlatforms) = preSolution
		Debug|Any CPU = Debug|Any CPU
		Release|Any CPU = Release|Any CPU
	EndGlobalSection
	GlobalSection(ProjectConfigurationPlatforms) = postSolution
		{8FDAD629-CE19-7333-CA5B-4BAF78B48339}.Debug|Any CPU.ActiveCfg = Debug|Any CPU
		{8FDAD629-CE19-7333-CA5B-4BAF78B48339}.Debug|Any CPU.Build.0 = Debug|Any CPU
		{8FDAD629-CE19-7333-CA5B-4BAF78B48339}.Release|Any CPU.ActiveCfg = Release|Any CPU
		{8FDAD629-CE19-7333-CA5B-4BAF78B48339}.Release|Any CPU.Build.0 = Release|Any CPU
		{1D4088B6-1431-E97C-35D6-E8FFC4B22F7B}.Debug|Any CPU.ActiveCfg = Debug|Any CPU
		{1D4088B6-1431-E97C-35D6-E8FFC4B22F7B}.Debug|Any CPU.Build.0 = Debug|Any CPU
		{1D4088B6-1431-E97C-35D6-E8FFC4B22F7B}.Release|Any CPU.ActiveCfg = Release|Any CPU
		{1D4088B6-1431-E97C-35D6-E8FFC4B22F7B}.Release|Any CPU.Build.0 = Release|Any CPU
		{87A0AEC0-FD89-2C44-3DAA-DCB14D8664A7}.Debug|Any CPU.ActiveCfg = Debug|Any CPU
		{87A0AEC0-FD89-2C44-3DAA-DCB14D8664A7}.Debug|Any CPU.Build.0 = Debug|Any CPU
		{87A0AEC0-FD89-2C44-3DAA-DCB14D8664A7}.Release|Any CPU.ActiveCfg = Release|Any CPU
		{87A0AEC0-FD89-2C44-3DAA-DCB14D8664A7}.Release|Any CPU.Build.0 = Release|Any CPU
	EndGlobalSection
	GlobalSection(SolutionProperties) = preSolution
		HideSolutionNode = FALSE
	EndGlobalSection
EndGlobal
